
Microsoft Visual Studio Solution File, Format Version 12.00
# Visual Studio 2012
Project("{FAE04EC0-301F-11D3-BF4B-00C04F79EFBC}") = "GenericApp", "GenericApp\GenericApp.csproj", "{F6AA4308-5AC0-44B4-B416-09C49296536F}"
EndProject
Project("{FAE04EC0-301F-11D3-BF4B-00C04F79EFBC}") = "MpdbSharedLibrary", "..\MpdbSharedLibrary\MpdbSharedLibrary\MpdbSharedLibrary.csproj", "{A0F819B0-6C2E-4154-B8A5-A251AA0C9322}"
EndProject
Global
	GlobalSection(SolutionConfigurationPlatforms) = preSolution
		Debug|Any CPU = Debug|Any CPU
		Release|Any CPU = Release|Any CPU
	EndGlobalSection
	GlobalSection(ProjectConfigurationPlatforms) = postSolution
		{F6AA4308-5AC0-44B4-B416-09C49296536F}.Debug|Any CPU.ActiveCfg = Debug|Any CPU
		{F6AA4308-5AC0-44B4-B416-09C49296536F}.Debug|Any CPU.Build.0 = Debug|Any CPU
		{F6AA4308-5AC0-44B4-B416-09C49296536F}.Release|Any CPU.ActiveCfg = Release|Any CPU
		{F6AA4308-5AC0-44B4-B416-09C49296536F}.Release|Any CPU.Build.0 = Release|Any CPU
		{A0F819B0-6C2E-4154-B8A5-A251AA0C9322}.Debug|Any CPU.ActiveCfg = Debug|Any CPU
		{A0F819B0-6C2E-4154-B8A5-A251AA0C9322}.Debug|Any CPU.Build.0 = Debug|Any CPU
		{A0F819B0-6C2E-4154-B8A5-A251AA0C9322}.Release|Any CPU.ActiveCfg = Release|Any CPU
		{A0F819B0-6C2E-4154-B8A5-A251AA0C9322}.Release|Any CPU.Build.0 = Release|Any CPU
	EndGlobalSection
	GlobalSection(SolutionProperties) = preSolution
		HideSolutionNode = FALSE
	EndGlobalSection
EndGlobal
